
Microsoft Visual Studio Solution File, Format Version 12.00
# Visual Studio Version 16
VisualStudioVersion = 16.0.31424.327
MinimumVisualStudioVersion = 10.0.40219.1
Project("{9A19103F-16F7-4668-BE54-9A1E7A4F7556}") = "CMS", "CMS\CMS.csproj", "{5642108D-5C7C-4C6A-9073-75EA89B23DCC}"
EndProject
Project("{9A19103F-16F7-4668-BE54-9A1E7A4F7556}") = "LoggingService", "LoggingService\LoggingService.csproj", "{ED24733B-96B0-400C-AD7B-36FD70FBD76A}"
EndProject
Project("{2150E333-8FDC-42A3-9474-1A3956D46DE8}") = "Services", "Services", "{8299E180-B854-45E3-B200-89285E1D1544}"
EndProject
Project("{9A19103F-16F7-4668-BE54-9A1E7A4F7556}") = "DataService", "DataService\DataService.csproj", "{10928BCD-ED7E-4466-B426-68000E9B5F96}"
EndProject
Project("{9A19103F-16F7-4668-BE54-9A1E7A4F7556}") = "ModelService", "ModelService\ModelService.csproj", "{A3E5B84D-F457-4ABC-8188-BE057DC3C810}"
EndProject
Project("{9A19103F-16F7-4668-BE54-9A1E7A4F7556}") = "FunctionalService", "FunctionalService\FunctionalService.csproj", "{3A3F99AE-F292-4B11-A9A3-D6DB0287D18A}"
EndProject
Project("{9A19103F-16F7-4668-BE54-9A1E7A4F7556}") = "FiltersService", "FiltersService\FiltersService.csproj", "{ADB83698-0F53-4AC8-815B-C7ABFC4ED98B}"
EndProject
Project("{9A19103F-16F7-4668-BE54-9A1E7A4F7556}") = "AuthService", "AuthService\AuthService.csproj", "{0A7C28DE-8A93-430D-B971-0E4843145F7F}"
EndProject
Project("{9A19103F-16F7-4668-BE54-9A1E7A4F7556}") = "CookieService", "CookieService\CookieService.csproj", "{8765309C-D88F-4420-A1B3-19B2064C90D5}"
EndProject
Project("{9A19103F-16F7-4668-BE54-9A1E7A4F7556}") = "ActivityService", "ActivityService\ActivityService.csproj", "{D9439045-1FF8-4B0F-A0C8-2FB2869F9138}"
EndProject
Project("{FAE04EC0-301F-11D3-BF4B-00C04F79EFBC}") = "UserService", "UserService\UserService.csproj", "{31289FF5-03F5-4A87-BDB6-0EC13309DB73}"
EndProject
Global
	GlobalSection(SolutionConfigurationPlatforms) = preSolution
		Debug|Any CPU = Debug|Any CPU
		Release|Any CPU = Release|Any CPU
	EndGlobalSection
	GlobalSection(ProjectConfigurationPlatforms) = postSolution
		{5642108D-5C7C-4C6A-9073-75EA89B23DCC}.Debug|Any CPU.ActiveCfg = Debug|Any CPU
		{5642108D-5C7C-4C6A-9073-75EA89B23DCC}.Debug|Any CPU.Build.0 = Debug|Any CPU
		{5642108D-5C7C-4C6A-9073-75EA89B23DCC}.Release|Any CPU.ActiveCfg = Release|Any CPU
		{5642108D-5C7C-4C6A-9073-75EA89B23DCC}.Release|Any CPU.Build.0 = Release|Any CPU
		{ED24733B-96B0-400C-AD7B-36FD70FBD76A}.Debug|Any CPU.ActiveCfg = Debug|Any CPU
		{ED24733B-96B0-400C-AD7B-36FD70FBD76A}.Debug|Any CPU.Build.0 = Debug|Any CPU
		{ED24733B-96B0-400C-AD7B-36FD70FBD76A}.Release|Any CPU.ActiveCfg = Release|Any CPU
		{ED24733B-96B0-400C-AD7B-36FD70FBD76A}.Release|Any CPU.Build.0 = Release|Any CPU
		{10928BCD-ED7E-4466-B426-68000E9B5F96}.Debug|Any CPU.ActiveCfg = Debug|Any CPU
		{10928BCD-ED7E-4466-B426-68000E9B5F96}.Debug|Any CPU.Build.0 = Debug|Any CPU
		{10928BCD-ED7E-4466-B426-68000E9B5F96}.Release|Any CPU.ActiveCfg = Release|Any CPU
		{10928BCD-ED7E-4466-B426-68000E9B5F96}.Release|Any CPU.Build.0 = Release|Any CPU
		{A3E5B84D-F457-4ABC-8188-BE057DC3C810}.Debug|Any CPU.ActiveCfg = Debug|Any CPU
		{A3E5B84D-F457-4ABC-8188-BE057DC3C810}.Debug|Any CPU.Build.0 = Debug|Any CPU
		{A3E5B84D-F457-4ABC-8188-BE057DC3C810}.Release|Any CPU.ActiveCfg = Release|Any CPU
		{A3E5B84D-F457-4ABC-8188-BE057DC3C810}.Release|Any CPU.Build.0 = Release|Any CPU
		{3A3F99AE-F292-4B11-A9A3-D6DB0287D18A}.Debug|Any CPU.ActiveCfg = Debug|Any CPU
		{3A3F99AE-F292-4B11-A9A3-D6DB0287D18A}.Debug|Any CPU.Build.0 = Debug|Any CPU
		{3A3F99AE-F292-4B11-A9A3-D6DB0287D18A}.Release|Any CPU.ActiveCfg = Release|Any CPU
		{3A3F99AE-F292-4B11-A9A3-D6DB0287D18A}.Release|Any CPU.Build.0 = Release|Any CPU
		{ADB83698-0F53-4AC8-815B-C7ABFC4ED98B}.Debug|Any CPU.ActiveCfg = Debug|Any CPU
		{ADB83698-0F53-4AC8-815B-C7ABFC4ED98B}.Debug|Any CPU.Build.0 = Debug|Any CPU
		{ADB83698-0F53-4AC8-815B-C7ABFC4ED98B}.Release|Any CPU.ActiveCfg = Release|Any CPU
		{ADB83698-0F53-4AC8-815B-C7ABFC4ED98B}.Release|Any CPU.Build.0 = Release|Any CPU
		{0A7C28DE-8A93-430D-B971-0E4843145F7F}.Debug|Any CPU.ActiveCfg = Debug|Any CPU
		{0A7C28DE-8A93-430D-B971-0E4843145F7F}.Debug|Any CPU.Build.0 = Debug|Any CPU
		{0A7C28DE-8A93-430D-B971-0E4843145F7F}.Release|Any CPU.ActiveCfg = Release|Any CPU
		{0A7C28DE-8A93-430D-B971-0E4843145F7F}.Release|Any CPU.Build.0 = Release|Any CPU
		{8765309C-D88F-4420-A1B3-19B2064C90D5}.Debug|Any CPU.ActiveCfg = Debug|Any CPU
		{8765309C-D88F-4420-A1B3-19B2064C90D5}.Debug|Any CPU.Build.0 = Debug|Any CPU
		{8765309C-D88F-4420-A1B3-19B2064C90D5}.Release|Any CPU.ActiveCfg = Release|Any CPU
		{8765309C-D88F-4420-A1B3-19B2064C90D5}.Release|Any CPU.Build.0 = Release|Any CPU
		{D9439045-1FF8-4B0F-A0C8-2FB2869F9138}.Debug|Any CPU.ActiveCfg = Debug|Any CPU
		{D9439045-1FF8-4B0F-A0C8-2FB2869F9138}.Debug|Any CPU.Build.0 = Debug|Any CPU
		{D9439045-1FF8-4B0F-A0C8-2FB2869F9138}.Release|Any CPU.ActiveCfg = Release|Any CPU
		{D9439045-1FF8-4B0F-A0C8-2FB2869F9138}.Release|Any CPU.Build.0 = Release|Any CPU
		{31289FF5-03F5-4A87-BDB6-0EC13309DB73}.Debug|Any CPU.ActiveCfg = Debug|Any CPU
		{31289FF5-03F5-4A87-BDB6-0EC13309DB73}.Debug|Any CPU.Build.0 = Debug|Any CPU
		{31289FF5-03F5-4A87-BDB6-0EC13309DB73}.Release|Any CPU.ActiveCfg = Release|Any CPU
		{31289FF5-03F5-4A87-BDB6-0EC13309DB73}.Release|Any CPU.Build.0 = Release|Any CPU
	EndGlobalSection
	GlobalSection(SolutionProperties) = preSolution
		HideSolutionNode = FALSE
	EndGlobalSection
	GlobalSection(NestedProjects) = preSolution
		{ED24733B-96B0-400C-AD7B-36FD70FBD76A} = {8299E180-B854-45E3-B200-89285E1D1544}
		{10928BCD-ED7E-4466-B426-68000E9B5F96} = {8299E180-B854-45E3-B200-89285E1D1544}
		{A3E5B84D-F457-4ABC-8188-BE057DC3C810} = {8299E180-B854-45E3-B200-89285E1D1544}
		{3A3F99AE-F292-4B11-A9A3-D6DB0287D18A} = {8299E180-B854-45E3-B200-89285E1D1544}
		{ADB83698-0F53-4AC8-815B-C7ABFC4ED98B} = {8299E180-B854-45E3-B200-89285E1D1544}
		{0A7C28DE-8A93-430D-B971-0E4843145F7F} = {8299E180-B854-45E3-B200-89285E1D1544}
		{8765309C-D88F-4420-A1B3-19B2064C90D5} = {8299E180-B854-45E3-B200-89285E1D1544}
		{D9439045-1FF8-4B0F-A0C8-2FB2869F9138} = {8299E180-B854-45E3-B200-89285E1D1544}
		{31289FF5-03F5-4A87-BDB6-0EC13309DB73} = {8299E180-B854-45E3-B200-89285E1D1544}
	EndGlobalSection
	GlobalSection(ExtensibilityGlobals) = postSolution
		SolutionGuid = {90FA7751-DF7F-4CB7-B62F-EEBC5BEEFEC8}
	EndGlobalSection
EndGlobal
